{
  "requires": true,
  "lockfileVersion": 1,
  "dependencies": {
    "@types/lodash": {
      "version": "4.14.118",
      "resolved": "https://registry.npmjs.org/@types/lodash/-/lodash-4.14.118.tgz",
      "integrity": "sha512-iiJbKLZbhSa6FYRip/9ZDX6HXhayXLDGY2Fqws9cOkEQ6XeKfaxB0sC541mowZJueYyMnVUmmG+al5/4fCDrgw=="
    },
    "aws-amplify-angular": {
      "version": "2.0.12",
      "resolved": "https://registry.npmjs.org/aws-amplify-angular/-/aws-amplify-angular-2.0.12.tgz",
      "integrity": "sha512-BhGLTek7biHcf9ILTpvVaLHqIAR+H6LeSc8BKgY9KxlQtSU5RH857zZcQ7FpJu3Atz9/p3G0ztVr+w+UPlk7JA==",
      "requires": {
        "@types/lodash": "^4.14.106"
      }
    }
  }
}
